# This file is automatically @generated by Cargo.
# It is not intended for manual editing.
version = 4

[[package]]
name = "ball-cli"
version = "0.1.0"
dependencies = [
 "ball-compiler",
 "ball-encoder",
 "ball-engine",
 "ball-shared",
]

[[package]]
name = "ball-compiler"
version = "0.1.0"
dependencies = [
 "ball-shared",
]

[[package]]
name = "ball-encoder"
version = "0.1.0"
dependencies = [
 "ball-shared",
]

[[package]]
name = "ball-engine"
version = "0.1.0"
dependencies = [
 "ball-shared",
]

[[package]]
name = "ball-shared"
version = "0.1.0"
